
Microsoft Visual Studio Solution File, Format Version 12.00
# Visual Studio Version 17
VisualStudioVersion = 17.5.33516.290
MinimumVisualStudioVersion = 10.0.40219.1
Project("{9A19103F-16F7-4668-BE54-9A1E7A4F7556}") = "English word notebook-WinUI3", "English word notebook-WinUI3\English word notebook-WinUI3.csproj", "{216659AF-480D-4F39-9B43-6C52DAF0E4A1}"
EndProject
Project("{9A19103F-16F7-4668-BE54-9A1E7A4F7556}") = "English word notebook-WinUI3.Core", "English word notebook-WinUI3.Core\English word notebook-WinUI3.Core.csproj", "{6CAB13B4-A7BC-4EC8-8AB5-2CB2AB636373}"
EndProject
Global
	GlobalSection(SolutionConfigurationPlatforms) = preSolution
		Debug|Any CPU = Debug|Any CPU
		Debug|arm64 = Debug|arm64
		Debug|x64 = Debug|x64
		Debug|x86 = Debug|x86
		Release|Any CPU = Release|Any CPU
		Release|arm64 = Release|arm64
		Release|x64 = Release|x64
		Release|x86 = Release|x86
	EndGlobalSection
	GlobalSection(ProjectConfigurationPlatforms) = postSolution
		{216659AF-480D-4F39-9B43-6C52DAF0E4A1}.Debug|Any CPU.ActiveCfg = Debug|x64
		{216659AF-480D-4F39-9B43-6C52DAF0E4A1}.Debug|Any CPU.Build.0 = Debug|x64
		{216659AF-480D-4F39-9B43-6C52DAF0E4A1}.Debug|Any CPU.Deploy.0 = Debug|x64
		{216659AF-480D-4F39-9B43-6C52DAF0E4A1}.Debug|arm64.ActiveCfg = Debug|arm64
		{216659AF-480D-4F39-9B43-6C52DAF0E4A1}.Debug|arm64.Build.0 = Debug|arm64
		{216659AF-480D-4F39-9B43-6C52DAF0E4A1}.Debug|arm64.Deploy.0 = Debug|arm64
		{216659AF-480D-4F39-9B43-6C52DAF0E4A1}.Debug|x64.ActiveCfg = Debug|x64
		{216659AF-480D-4F39-9B43-6C52DAF0E4A1}.Debug|x64.Build.0 = Debug|x64
		{216659AF-480D-4F39-9B43-6C52DAF0E4A1}.Debug|x64.Deploy.0 = Debug|x64
		{216659AF-480D-4F39-9B43-6C52DAF0E4A1}.Debug|x86.ActiveCfg = Debug|x86
		{216659AF-480D-4F39-9B43-6C52DAF0E4A1}.Debug|x86.Build.0 = Debug|x86
		{216659AF-480D-4F39-9B43-6C52DAF0E4A1}.Debug|x86.Deploy.0 = Debug|x86
		{216659AF-480D-4F39-9B43-6C52DAF0E4A1}.Release|Any CPU.ActiveCfg = Release|x64
		{216659AF-480D-4F39-9B43-6C52DAF0E4A1}.Release|Any CPU.Build.0 = Release|x64
		{216659AF-480D-4F39-9B43-6C52DAF0E4A1}.Release|Any CPU.Deploy.0 = Release|x64
		{216659AF-480D-4F39-9B43-6C52DAF0E4A1}.Release|arm64.ActiveCfg = Release|arm64
		{216659AF-480D-4F39-9B43-6C52DAF0E4A1}.Release|arm64.Build.0 = Release|arm64
		{216659AF-480D-4F39-9B43-6C52DAF0E4A1}.Release|arm64.Deploy.0 = Release|arm64
		{216659AF-480D-4F39-9B43-6C52DAF0E4A1}.Release|x64.ActiveCfg = Release|x64
		{216659AF-480D-4F39-9B43-6C52DAF0E4A1}.Release|x64.Build.0 = Release|x64
		{216659AF-480D-4F39-9B43-6C52DAF0E4A1}.Release|x64.Deploy.0 = Release|x64
		{216659AF-480D-4F39-9B43-6C52DAF0E4A1}.Release|x86.ActiveCfg = Release|x86
		{216659AF-480D-4F39-9B43-6C52DAF0E4A1}.Release|x86.Build.0 = Release|x86
		{216659AF-480D-4F39-9B43-6C52DAF0E4A1}.Release|x86.Deploy.0 = Release|x86
		{6CAB13B4-A7BC-4EC8-8AB5-2CB2AB636373}.Debug|Any CPU.ActiveCfg = Debug|Any CPU
		{6CAB13B4-A7BC-4EC8-8AB5-2CB2AB636373}.Debug|Any CPU.Build.0 = Debug|Any CPU
		{6CAB13B4-A7BC-4EC8-8AB5-2CB2AB636373}.Debug|arm64.ActiveCfg = Debug|arm64
		{6CAB13B4-A7BC-4EC8-8AB5-2CB2AB636373}.Debug|arm64.Build.0 = Debug|arm64
		{6CAB13B4-A7BC-4EC8-8AB5-2CB2AB636373}.Debug|x64.ActiveCfg = Debug|x64
		{6CAB13B4-A7BC-4EC8-8AB5-2CB2AB636373}.Debug|x64.Build.0 = Debug|x64
		{6CAB13B4-A7BC-4EC8-8AB5-2CB2AB636373}.Debug|x86.ActiveCfg = Debug|x86
		{6CAB13B4-A7BC-4EC8-8AB5-2CB2AB636373}.Debug|x86.Build.0 = Debug|x86
		{6CAB13B4-A7BC-4EC8-8AB5-2CB2AB636373}.Release|Any CPU.ActiveCfg = Release|Any CPU
		{6CAB13B4-A7BC-4EC8-8AB5-2CB2AB636373}.Release|Any CPU.Build.0 = Release|Any CPU
		{6CAB13B4-A7BC-4EC8-8AB5-2CB2AB636373}.Release|arm64.ActiveCfg = Release|arm64
		{6CAB13B4-A7BC-4EC8-8AB5-2CB2AB636373}.Release|arm64.Build.0 = Release|arm64
		{6CAB13B4-A7BC-4EC8-8AB5-2CB2AB636373}.Release|x64.ActiveCfg = Release|x64
		{6CAB13B4-A7BC-4EC8-8AB5-2CB2AB636373}.Release|x64.Build.0 = Release|x64
		{6CAB13B4-A7BC-4EC8-8AB5-2CB2AB636373}.Release|x86.ActiveCfg = Release|x86
		{6CAB13B4-A7BC-4EC8-8AB5-2CB2AB636373}.Release|x86.Build.0 = Release|x86
	EndGlobalSection
	GlobalSection(SolutionProperties) = preSolution
		HideSolutionNode = FALSE
	EndGlobalSection
	GlobalSection(ExtensibilityGlobals) = postSolution
		SolutionGuid = {069C79C7-A90D-4C6A-B63A-4FE6E9BCFBA5}
	EndGlobalSection
EndGlobal
